{
    "_meta": {
        "hash": {
            "sha256": "4afda0b76804bea8a856825003479172508cbbf2699661ddb60c43d30bbc0fec"
        },
        "pipfile-spec": 6,
        "requires": {},
        "sources": [
            {
                "name": "pypi",
                "url": "https://pypi.org/simple",
                "verify_ssl": true
            }
        ]
    },
    "default": {
        "boto3": {
            "hashes": [
                "sha256:30bc198f7d4e01c3fec8e8470b9c228625e792e3de7c6aa2d4cfaf72c4f873d7",
                "sha256:d42c7b88a2080850481ca124250e4868f27fdd6181b3bdb79498d6742d894db1"
            ],
            "index": "pypi",
            "version": "==1.26.162"
        },
        "botocore": {
            "hashes": [
                "sha256:18fd92768b5d554d27b1adce5fad6317a303d3e133abe4adfbf4059a776bcdf7",
                "sha256:dadb7d793891274905511cdf8a06bea7d8f797c5e0824f06fbc70c7d1a5fdd17"
            ],
            "markers": "python_version >= '3.7'",
            "version": "==1.29.162"
        },
        "click": {
            "hashes": [
                "sha256:d2b5255c7c6349bc1bd1e59e08cd12acbbd63ce649f2588755783aa94dfb6b1a",
                "sha256:dacca89f4bfadd5de3d7489b7c8a566eee0d3676333fbb50030263894c38c0dc"
            ],
            "index": "pypi",
            "version": "==7.1.2"
        },
        "docutils": {
            "hashes": [
                "sha256:96f387a2c5562db4476f09f13bbab2192e764cac08ebbf3a34a95d9b1e4a59d6",
                "sha256:f08a4e276c3a1583a86dce3e34aba3fe04d02bba2dd51ed16106244e8a923e3b"
            ],
            "index": "pypi",
            "version": "==0.20.1"
        },
        "jmespath": {
            "hashes": [
                "sha256:b85d0567b8666149a93172712e68920734333c0ce7e89b78b3e987f71e5ed4f9",
                "sha256:cdf6525904cc597730141d61b36f2e4b8ecc257c420fa2f4549bac2c2d0cb72f"
            ],
            "index": "pypi",
            "version": "==0.10.0"
        },
        "pyaml": {
            "hashes": [
                "sha256:29a5c2a68660a799103d6949167bd6c7953d031449d08802386372de1db6ad71",
                "sha256:67081749a82b72c45e5f7f812ee3a14a03b3f5c25ff36ec3b290514f8c4c4b99"
            ],
            "index": "pypi",
            "version": "==20.4.0"
        },
        "python-dateutil": {
            "hashes": [
                "sha256:73ebfe9dbf22e832286dafa60473e4cd239f8592f699aa5adaf10050e6e1823c",
                "sha256:75bb3f31ea686f1197762692a9ee6a7550b59fc6ca3a1f4b5d7e32fb98e2da2a"
            ],
            "index": "pypi",
            "version": "==2.8.1"
        },
        "pyyaml": {
            "hashes": [
                "sha256:01b45c0191e6d66c470b6cf1b9531a771a83c1c4208272ead47a3ae4f2f603bf",
                "sha256:0283c35a6a9fbf047493e3a0ce8d79ef5030852c51e9d911a27badfde0605293",
                "sha256:055d937d65826939cb044fc8c9b08889e8c743fdc6a32b33e2390f66013e449b",
                "sha256:07751360502caac1c067a8132d150cf3d61339af5691fe9e87803040dbc5db57",
                "sha256:0b4624f379dab24d3725ffde76559cff63d9ec94e1736b556dacdfebe5ab6d4b",
                "sha256:0ce82d761c532fe4ec3f87fc45688bdd3a4c1dc5e0b4a19814b9009a29baefd4",
                "sha256:1e4747bc279b4f613a09eb64bba2ba602d8a6664c6ce6396a4d0cd413a50ce07",
                "sha256:213c60cd50106436cc818accf5baa1aba61c0189ff610f64f4a3e8c6726218ba",
                "sha256:231710d57adfd809ef5d34183b8ed1eeae3f76459c18fb4a0b373ad56bedcdd9",
                "sha256:277a0ef2981ca40581a47093e9e2d13b3f1fbbeffae064c1d21bfceba2030287",
                "sha256:2cd5df3de48857ed0544b34e2d40e9fac445930039f3cfe4bcc592a1f836d513",
                "sha256:40527857252b61eacd1d9af500c3337ba8deb8fc298940291486c465c8b46ec0",
                "sha256:432557aa2c09802be39460360ddffd48156e30721f5e8d917f01d31694216782",
                "sha256:473f9edb243cb1935ab5a084eb238d842fb8f404ed2193a915d1784b5a6b5fc0",
                "sha256:48c346915c114f5fdb3ead70312bd042a953a8ce5c7106d5bfb1a5254e47da92",
                "sha256:50602afada6d6cbfad699b0c7bb50d5ccffa7e46a3d738092afddc1f9758427f",
                "sha256:68fb519c14306fec9720a2a5b45bc9f0c8d1b9c72adf45c37baedfcd949c35a2",
                "sha256:77f396e6ef4c73fdc33a9157446466f1cff553d979bd00ecb64385760c6babdc",
                "sha256:81957921f441d50af23654aa6c5e5eaf9b06aba7f0a19c18a538dc7ef291c5a1",
                "sha256:819b3830a1543db06c4d4b865e70ded25be52a2e0631ccd2f6a47a2822f2fd7c",
                "sha256:897b80890765f037df3403d22bab41627ca8811ae55e9a722fd0392850ec4d86",
                "sha256:98c4d36e99714e55cfbaaee6dd5badbc9a1ec339ebfc3b1f52e293aee6bb71a4",
                "sha256:9df7ed3b3d2e0ecfe09e14741b857df43adb5a3ddadc919a2d94fbdf78fea53c",
                "sha256:9fa600030013c4de8165339db93d182b9431076eb98eb40ee068700c9c813e34",
                "sha256:a80a78046a72361de73f8f395f1f1e49f956c6be882eed58505a15f3e430962b",
                "sha256:afa17f5bc4d1b10afd4466fd3a44dc0e245382deca5b3c353d8b757f9e3ecb8d",
                "sha256:b3d267842bf12586ba6c734f89d1f5b871df0273157918b0ccefa29deb05c21c",
                "sha256:b5b9eccad747aabaaffbc6064800670f0c297e52c12754eb1d976c57e4f74dcb",
                "sha256:bfaef573a63ba8923503d27530362590ff4f576c626d86a9fed95822a8255fd7",
                "sha256:c5687b8d43cf58545ade1fe3e055f70eac7a5a1a0bf42824308d868289a95737",
                "sha256:cba8c411ef271aa037d7357a2bc8f9ee8b58b9965831d9e51baf703280dc73d3",
                "sha256:d15a181d1ecd0d4270dc32edb46f7cb7733c7c508857278d3d378d14d606db2d",
                "sha256:d4b0ba9512519522b118090257be113b9468d804b19d63c71dbcf4a48fa32358",
                "sha256:d4db7c7aef085872ef65a8fd7d6d09a14ae91f691dec3e87ee5ee0539d516f53",
                "sha256:d4eccecf9adf6fbcc6861a38015c2a64f38b9d94838ac1810a9023a0609e1b78",
                "sha256:d67d839ede4ed1b28a4e8909735fc992a923cdb84e618544973d7dfc71540803",
                "sha256:daf496c58a8c52083df09b80c860005194014c3698698d1a57cbcfa182142a3a",
                "sha256:dbad0e9d368bb989f4515da330b88a057617d16b6a8245084f1b05400f24609f",
                "sha256:e61ceaab6f49fb8bdfaa0f92c4b57bcfbea54c09277b1b4f7ac376bfb7a7c174",
                "sha256:f84fbc98b019fef2ee9a1cb3ce93e3187a6df0b2538a651bfb890254ba9f90b5"
            ],
            "index": "pypi",
            "version": "==6.0"
        },
        "s3transfer": {
            "hashes": [
                "sha256:3c0da2d074bf35d6870ef157158641178a4204a6e689e82546083e31e0311346",
                "sha256:640bb492711f4c0c0905e1f62b6aaeb771881935ad27884852411f8e9cacbca9"
            ],
            "markers": "python_version >= '3.7'",
            "version": "==0.6.1"
        },
        "six": {
            "hashes": [
                "sha256:1e61c37477a1626458e36f7b1d82aa5c9b094fa4802892072e49de9c60c4c926",
                "sha256:8abb2f1d86890a2dfb989f9a77cfcfd3e47c2a354b01111771326f8aa26e0254"
            ],
            "markers": "python_version >= '2.7' and python_version not in '3.0, 3.1, 3.2, 3.3'",
            "version": "==1.16.0"
        },
        "urllib3": {
            "hashes": [
                "sha256:8d36afa7616d8ab714608411b4a3b13e58f463aee519024578e062e141dce20f",
                "sha256:8f135f6502756bde6b2a9b28989df5fbe87c9970cecaa69041edcce7f0589b14"
            ],
            "markers": "python_version >= '2.7' and python_version not in '3.0, 3.1, 3.2, 3.3, 3.4, 3.5'",
            "version": "==1.26.16"
        }
    },
    "develop": {
        "black": {
            "hashes": [
                "sha256:77b80f693a569e2e527958459634f18df9b0ba2625ba4e0c2d5da5be42e6f2b3",
                "sha256:a615e69ae185e08fdd73e4715e260e2479c861b5740057fde6e8b4e3b7dd589f"
            ],
            "index": "pypi",
            "version": "==21.12b0"
        },
        "bleach": {
            "hashes": [
                "sha256:1a1a85c1595e07d8db14c5f09f09e6433502c51c595970edc090551f0db99414",
                "sha256:33c16e3353dbd13028ab4799a0f89a83f113405c766e9c122df8a06f5b85b3f4"
            ],
            "markers": "python_version >= '3.7'",
            "version": "==6.0.0"
        },
        "bump2version": {
            "hashes": [
                "sha256:37f927ea17cde7ae2d7baf832f8e80ce3777624554a653006c9144f8017fe410",
                "sha256:762cb2bfad61f4ec8e2bdf452c7c267416f8c70dd9ecb1653fd0bbb01fa936e6"
            ],
            "markers": "python_version >= '3.5'",
            "version": "==1.0.1"
        },
        "bumpversion": {
            "hashes": [
                "sha256:4ba55e4080d373f80177b4dabef146c07ce73c7d1377aabf9d3c3ae1f94584a6",
                "sha256:4eb3267a38194d09f048a2179980bb4803701969bff2c85fa8f6d1ce050be15e"
            ],
            "index": "pypi",
            "version": "==0.6.0"
        },
        "certifi": {
            "hashes": [
                "sha256:0f0d56dc5a6ad56fd4ba36484d6cc34451e1c6548c61daad8c320169f91eddc7",
                "sha256:c6c2e98f5c7869efca1f8916fed228dd91539f9f1b444c314c06eef02980c716"
            ],
            "markers": "python_version >= '3.6'",
            "version": "==2023.5.7"
        },
        "charset-normalizer": {
            "hashes": [
                "sha256:04afa6387e2b282cf78ff3dbce20f0cc071c12dc8f685bd40960cc68644cfea6",
                "sha256:04eefcee095f58eaabe6dc3cc2262f3bcd776d2c67005880894f447b3f2cb9c1",
                "sha256:0be65ccf618c1e7ac9b849c315cc2e8a8751d9cfdaa43027d4f6624bd587ab7e",
                "sha256:0c95f12b74681e9ae127728f7e5409cbbef9cd914d5896ef238cc779b8152373",
                "sha256:0ca564606d2caafb0abe6d1b5311c2649e8071eb241b2d64e75a0d0065107e62",
                "sha256:10c93628d7497c81686e8e5e557aafa78f230cd9e77dd0c40032ef90c18f2230",
                "sha256:11d117e6c63e8f495412d37e7dc2e2fff09c34b2d09dbe2bee3c6229577818be",
                "sha256:11d3bcb7be35e7b1bba2c23beedac81ee893ac9871d0ba79effc7fc01167db6c",
                "sha256:12a2b561af122e3d94cdb97fe6fb2bb2b82cef0cdca131646fdb940a1eda04f0",
                "sha256:12d1a39aa6b8c6f6248bb54550efcc1c38ce0d8096a146638fd4738e42284448",
                "sha256:1435ae15108b1cb6fffbcea2af3d468683b7afed0169ad718451f8db5d1aff6f",
                "sha256:1c60b9c202d00052183c9be85e5eaf18a4ada0a47d188a83c8f5c5b23252f649",
                "sha256:1e8fcdd8f672a1c4fc8d0bd3a2b576b152d2a349782d1eb0f6b8e52e9954731d",
                "sha256:20064ead0717cf9a73a6d1e779b23d149b53daf971169289ed2ed43a71e8d3b0",
                "sha256:21fa558996782fc226b529fdd2ed7866c2c6ec91cee82735c98a197fae39f706",
                "sha256:22908891a380d50738e1f978667536f6c6b526a2064156203d418f4856d6e86a",
                "sha256:3160a0fd9754aab7d47f95a6b63ab355388d890163eb03b2d2b87ab0a30cfa59",
                "sha256:322102cdf1ab682ecc7d9b1c5eed4ec59657a65e1c146a0da342b78f4112db23",
                "sha256:34e0a2f9c370eb95597aae63bf85eb5e96826d81e3dcf88b8886012906f509b5",
                "sha256:3573d376454d956553c356df45bb824262c397c6e26ce43e8203c4c540ee0acb",
                "sha256:3747443b6a904001473370d7810aa19c3a180ccd52a7157aacc264a5ac79265e",
                "sha256:38e812a197bf8e71a59fe55b757a84c1f946d0ac114acafaafaf21667a7e169e",
                "sha256:3a06f32c9634a8705f4ca9946d667609f52cf130d5548881401f1eb2c39b1e2c",
                "sha256:3a5fc78f9e3f501a1614a98f7c54d3969f3ad9bba8ba3d9b438c3bc5d047dd28",
                "sha256:3d9098b479e78c85080c98e1e35ff40b4a31d8953102bb0fd7d1b6f8a2111a3d",
                "sha256:3dc5b6a8ecfdc5748a7e429782598e4f17ef378e3e272eeb1340ea57c9109f41",
                "sha256:4155b51ae05ed47199dc5b2a4e62abccb274cee6b01da5b895099b61b1982974",
                "sha256:49919f8400b5e49e961f320c735388ee686a62327e773fa5b3ce6721f7e785ce",
                "sha256:53d0a3fa5f8af98a1e261de6a3943ca631c526635eb5817a87a59d9a57ebf48f",
                "sha256:5f008525e02908b20e04707a4f704cd286d94718f48bb33edddc7d7b584dddc1",
                "sha256:628c985afb2c7d27a4800bfb609e03985aaecb42f955049957814e0491d4006d",
                "sha256:65ed923f84a6844de5fd29726b888e58c62820e0769b76565480e1fdc3d062f8",
                "sha256:6734e606355834f13445b6adc38b53c0fd45f1a56a9ba06c2058f86893ae8017",
                "sha256:6baf0baf0d5d265fa7944feb9f7451cc316bfe30e8df1a61b1bb08577c554f31",
                "sha256:6f4f4668e1831850ebcc2fd0b1cd11721947b6dc7c00bf1c6bd3c929ae14f2c7",
                "sha256:6f5c2e7bc8a4bf7c426599765b1bd33217ec84023033672c1e9a8b35eaeaaaf8",
                "sha256:6f6c7a8a57e9405cad7485f4c9d3172ae486cfef1344b5ddd8e5239582d7355e",
                "sha256:7381c66e0561c5757ffe616af869b916c8b4e42b367ab29fedc98481d1e74e14",
                "sha256:73dc03a6a7e30b7edc5b01b601e53e7fc924b04e1835e8e407c12c037e81adbd",
                "sha256:74db0052d985cf37fa111828d0dd230776ac99c740e1a758ad99094be4f1803d",
                "sha256:75f2568b4189dda1c567339b48cba4ac7384accb9c2a7ed655cd86b04055c795",
                "sha256:78cacd03e79d009d95635e7d6ff12c21eb89b894c354bd2b2ed0b4763373693b",
                "sha256:80d1543d58bd3d6c271b66abf454d437a438dff01c3e62fdbcd68f2a11310d4b",
                "sha256:830d2948a5ec37c386d3170c483063798d7879037492540f10a475e3fd6f244b",
                "sha256:891cf9b48776b5c61c700b55a598621fdb7b1e301a550365571e9624f270c203",
                "sha256:8f25e17ab3039b05f762b0a55ae0b3632b2e073d9c8fc88e89aca31a6198e88f",
                "sha256:9a3267620866c9d17b959a84dd0bd2d45719b817245e49371ead79ed4f710d19",
                "sha256:a04f86f41a8916fe45ac5024ec477f41f886b3c435da2d4e3d2709b22ab02af1",
                "sha256:aaf53a6cebad0eae578f062c7d462155eada9c172bd8c4d250b8c1d8eb7f916a",
                "sha256:abc1185d79f47c0a7aaf7e2412a0eb2c03b724581139193d2d82b3ad8cbb00ac",
                "sha256:ac0aa6cd53ab9a31d397f8303f92c42f534693528fafbdb997c82bae6e477ad9",
                "sha256:ac3775e3311661d4adace3697a52ac0bab17edd166087d493b52d4f4f553f9f0",
                "sha256:b06f0d3bf045158d2fb8837c5785fe9ff9b8c93358be64461a1089f5da983137",
                "sha256:b116502087ce8a6b7a5f1814568ccbd0e9f6cfd99948aa59b0e241dc57cf739f",
                "sha256:b82fab78e0b1329e183a65260581de4375f619167478dddab510c6c6fb04d9b6",
                "sha256:bd7163182133c0c7701b25e604cf1611c0d87712e56e88e7ee5d72deab3e76b5",
                "sha256:c36bcbc0d5174a80d6cccf43a0ecaca44e81d25be4b7f90f0ed7bcfbb5a00909",
                "sha256:c3af8e0f07399d3176b179f2e2634c3ce9c1301379a6b8c9c9aeecd481da494f",
                "sha256:c84132a54c750fda57729d1e2599bb598f5fa0344085dbde5003ba429a4798c0",
                "sha256:cb7b2ab0188829593b9de646545175547a70d9a6e2b63bf2cd87a0a391599324",
                "sha256:cca4def576f47a09a943666b8f829606bcb17e2bc2d5911a46c8f8da45f56755",
                "sha256:cf6511efa4801b9b38dc5546d7547d5b5c6ef4b081c60b23e4d941d0eba9cbeb",
                "sha256:d16fd5252f883eb074ca55cb622bc0bee49b979ae4e8639fff6ca3ff44f9f854",
                "sha256:d2686f91611f9e17f4548dbf050e75b079bbc2a82be565832bc8ea9047b61c8c",
                "sha256:d7fc3fca01da18fbabe4625d64bb612b533533ed10045a2ac3dd194bfa656b60",
                "sha256:dd5653e67b149503c68c4018bf07e42eeed6b4e956b24c00ccdf93ac79cdff84",
                "sha256:de5695a6f1d8340b12a5d6d4484290ee74d61e467c39ff03b39e30df62cf83a0",
                "sha256:e0ac8959c929593fee38da1c2b64ee9778733cdf03c482c9ff1d508b6b593b2b",
                "sha256:e1b25e3ad6c909f398df8921780d6a3d120d8c09466720226fc621605b6f92b1",
                "sha256:e633940f28c1e913615fd624fcdd72fdba807bf53ea6925d6a588e84e1151531",
                "sha256:e89df2958e5159b811af9ff0f92614dabf4ff617c03a4c1c6ff53bf1c399e0e1",
                "sha256:ea9f9c6034ea2d93d9147818f17c2a0860d41b71c38b9ce4d55f21b6f9165a11",
                "sha256:f645caaf0008bacf349875a974220f1f1da349c5dbe7c4ec93048cdc785a3326",
                "sha256:f8303414c7b03f794347ad062c0516cee0e15f7a612abd0ce1e25caf6ceb47df",
                "sha256:fca62a8301b605b954ad2e9c3666f9d97f63872aa4efcae5492baca2056b74ab"
            ],
            "markers": "python_full_version >= '3.7.0'",
            "version": "==3.1.0"
        },
        "click": {
            "hashes": [
                "sha256:d2b5255c7c6349bc1bd1e59e08cd12acbbd63ce649f2588755783aa94dfb6b1a",
                "sha256:dacca89f4bfadd5de3d7489b7c8a566eee0d3676333fbb50030263894c38c0dc"
            ],
            "index": "pypi",
            "version": "==7.1.2"
        },
        "codecov": {
            "hashes": [
                "sha256:2362b685633caeaf45b9951a9b76ce359cd3581dd515b430c6c3f5dfb4d92a8c",
                "sha256:7d2b16c1153d01579a89a94ff14f9dbeb63634ee79e18c11036f34e7de66cbc9",
                "sha256:c2ca5e51bba9ebb43644c43d0690148a55086f7f5e6fd36170858fa4206744d5"
            ],
            "index": "pypi",
            "version": "==2.1.13"
        },
        "coverage": {
            "hashes": [
                "sha256:00858a6213ea829ab417b6e05ac0a4c22eac7d3aae67c0187de2935d0548786b",
                "sha256:08fd9ad5dfc490b7403027b20eebb8ac470621ae1ce0b33a13cab9ec8d4aed0a",
                "sha256:0c52c8f0243a2e4c0b81db2f6468a9084dd380e0b69e931253aa24529eb812f3",
                "sha256:0e857ef99769a54595c8801086e310dabb8205a1e742d66f6702544aeddfb1ba",
                "sha256:1b1cca186e74d258d983a1e1a134ffba0b991effbc8e46ee65c5fbf4009dfce1",
                "sha256:1dcb5c17b361b35d2a339c6031417f8dcce915b09ea55e7214a398833ec9a63f",
                "sha256:22cca1925841e2655ce35a4e17c21b42dd0de2b85c5d6fe9c5bf4a45f58950f3",
                "sha256:25ab1d4ae4bce324d427732bf0f7967493405daa0c2675385016102b0a5e87bf",
                "sha256:2ca9c7735da025b0f0ca00ab15c5290798b62a49feaf312cb895ab4c4bc1575e",
                "sha256:3008ace59d566e110e9351c855c6bf2f2b4037f772caffdfaa977c485bf96e8e",
                "sha256:3de7363b0f21ac6fc97767f78036b900006e06eadd3cc72f040d57494405f44c",
                "sha256:409d14e37de692f94689578cbbb0a26408da9d9354f8ff658e148f1750940b2f",
                "sha256:425ba4ae75be4e2c9ce336a523265e6e1214ad624e8d18fb638771475dec2ebf",
                "sha256:42d7ee01583d4db8098510d08e7505db0f5dbb70edc88a7350cafc336ae81048",
                "sha256:4e07fc0e0dc8bdeae4f23b8ff821c711dcb2537bbc782f61ff726ca07fcfdb9b",
                "sha256:4f32113f131edcd26266b8bfc9e24698b6dee4d9ea63362b7dd3cf0a351231a6",
                "sha256:539ca9a37aaab0ed31ccb535039e33170cf2144b8cd5006c48ad724ba2ab5797",
                "sha256:572867facf73374a9c8686691bf1b43abe3425f31a2a9b48043d0de9f669ad0d",
                "sha256:583f5b9a414fcabe1c14d82519b9d24dfd69c3505e9030415c3c6b692bff9062",
                "sha256:590411083d46c182e852e879a533fa99988937a3af96f836cacbc16a1bcfd058",
                "sha256:5a0bc8377854cc2f447093149bc9774b0628e9db218f85026d7982466840040e",
                "sha256:5f3ee269b6d32913eccd78eefce6da7d5120d8fbef059c463c028267c1a0d1ce",
                "sha256:639bc5e8cf323a50d17b52554269e72c21c2cb5ad14ca1b43e095ce60abbc2b3",
                "sha256:644b9c4e7e951aa210a8150b09f9c02dcea8701d14bff1564a50e054ce0ae48d",
                "sha256:6591db6f6bbd5120c9475fdb12305a3216355ae4797b0e44528040f6d0d8f73f",
                "sha256:7538a24505abb5dc61ac3bbf58d5232a76ad6fd2be63cf797c2e1caa9c60077c",
                "sha256:75598efc204f513cc4d5ca99a8f9103867993c091e5cd62d78c1020a0affc7be",
                "sha256:7911833a156476096d209569cbe600faf22a057a46c5e8bb19fffc387abad101",
                "sha256:7f96cd694673191583acaef50ed01c8db3b47f49602b7046a15775fa6f753e9f",
                "sha256:89230ec0b1f3817237a8f98fc593dec061eebd753cea097772e7abcf5fb9c6bc",
                "sha256:959d65e8c5f84878a741dcddcbf71ccc22270c6981e5dfe0806517d49be0c1f2",
                "sha256:98220679df217b9635c3c6a7a490c408f4de169c33ac4f708a86f9e97b2d9b14",
                "sha256:996c74a93f6fac2099c288e709e7d0bcc37f3c700d878d7d52accdcc2b6550bd",
                "sha256:9ec68b342a82dc821d4384e7a5b266c2b78bc5ec3a59fcadf8e96445f4002366",
                "sha256:b3b6582423aeece24478028b8c9127cd1392d584dfade6c925421c91710cdad5",
                "sha256:b48273db5287a185017f2150eb49581245777ba30c6e749bfd5567afcab27c3f",
                "sha256:c1b862d4718a103cd090b6b91155503574918c498a381a13970e22785c7ae5a3",
                "sha256:c87885ca7357e85e9e1550d804c7b2c42d6e4e8260849af499fc2b0dfe58962c",
                "sha256:c976faf3bed96d2b94ee8b005ff26a075cfbc00782b532342119cbd172481f81",
                "sha256:ca922b6558e1fe09c2ffc772faaa411f94cb47845d366d7aa6a887d934a25200",
                "sha256:e0101d0cb004db88891ffb87ddfccd93ee76abbe4c0bf784c4214f467d026dd2",
                "sha256:e7a0f9ab01ccd873d21584ddcad488ad752944f6a9e5bdff1aefbe5289ffd823",
                "sha256:e83b73d8edf255187388b8d14c0c0df580bbf8e7099060e590915e3fbcf39598",
                "sha256:e8b80f94e15676dbaa7ce2cef6e5433cdb2427d3d81ea9fe4c3d788fae3bc4a2",
                "sha256:e9c1a662c837cf9b4b815f977404475b555fafc0fb12ae92667d0cdbf0f3c9eb",
                "sha256:eb54a60e3819d60de6828b5bd197996f9ecb2306d280bd532a4a4291f3285658",
                "sha256:efb09e5004fd1e4d05cf433d7ad7a6784d090c0afd68b46e8ef785ae169a31ed",
                "sha256:f0ae2fd15eedb5f749cd9b3da01087b7dba2f76cc783866459d8b3f3feb7c969",
                "sha256:f0aefc3015ae4a188dc48f2ea934ddbdf158c8c4b0b3d5691acfdad684857702",
                "sha256:f47e5f3c5acbc3b843ae89b042faf64b366a4976099813487161ce3c50649db3",
                "sha256:fd868a0eb8eb35a84847935fe36a5b285fed2e4b99c2b90cf44778fa0e9418e9"
            ],
            "markers": "python_version >= '3.7'",
            "version": "==6.6.0b1"
        },
        "coveralls": {
            "hashes": [
                "sha256:b32a8bb5d2df585207c119d6c01567b81fba690c9c10a753bfe27a335bfc43ea",
                "sha256:f42015f31d386b351d4226389b387ae173207058832fbf5c8ec4b40e27b16026"
            ],
            "index": "pypi",
            "version": "==3.3.1"
        },
        "distlib": {
            "hashes": [
                "sha256:14bad2d9b04d3a36127ac97f30b12a19268f211063d8f8ee4f47108896e11b46",
                "sha256:f35c4b692542ca110de7ef0bea44d73981caeb34ca0b9b6b2e6d7790dda8f80e"
            ],
            "version": "==0.3.6"
        },
        "docopt": {
            "hashes": [
                "sha256:49b3a825280bd66b3aa83585ef59c4a8c82f2c8a522dbe754a8bc8d08c85c491"
            ],
            "version": "==0.6.2"
        },
        "docutils": {
            "hashes": [
                "sha256:96f387a2c5562db4476f09f13bbab2192e764cac08ebbf3a34a95d9b1e4a59d6",
                "sha256:f08a4e276c3a1583a86dce3e34aba3fe04d02bba2dd51ed16106244e8a923e3b"
            ],
            "index": "pypi",
            "version": "==0.20.1"
        },
        "exceptiongroup": {
            "hashes": [
                "sha256:232c37c63e4f682982c8b6459f33a8981039e5fb8756b2074364e5055c498c9e",
                "sha256:d484c3090ba2889ae2928419117447a14daf3c1231d5e30d0aae34f354f01785"
            ],
            "markers": "python_version < '3.11'",
            "version": "==1.1.1"
        },
        "filelock": {
            "hashes": [
                "sha256:002740518d8aa59a26b0c76e10fb8c6e15eae825d34b6fdf670333fd7b938d81",
                "sha256:cbb791cdea2a72f23da6ac5b5269ab0a0d161e9ef0100e653b69049a7706d1ec"
            ],
            "markers": "python_version >= '3.7'",
            "version": "==3.12.2"
        },
        "flake8": {
            "hashes": [
                "sha256:3833794e27ff64ea4e9cf5d410082a8b97ff1a06c16aa3d2027339cd0f1195c7",
                "sha256:c61007e76655af75e6785a931f452915b371dc48f56efd765247c8fe68f2b181"
            ],
            "index": "pypi",
            "version": "==6.0.0"
        },
        "idna": {
            "hashes": [
                "sha256:814f528e8dead7d329833b91c5faa87d60bf71824cd12a7530b5526063d02cb4",
                "sha256:90b77e79eaa3eba6de819a0c442c0b4ceefc341a7a2ab77d7562bf49f425c5c2"
            ],
            "markers": "python_version >= '3.5'",
            "version": "==3.4"
        },
        "importlib-metadata": {
            "hashes": [
                "sha256:1aaf550d4f73e5d6783e7acb77aec43d49da8017410afae93822cc9cca98c4d4",
                "sha256:cb52082e659e97afc5dac71e79de97d8681de3aa07ff18578330904a9d18e5b5"
            ],
            "markers": "python_version >= '3.7'",
            "version": "==6.7.0"
        },
        "iniconfig": {
            "hashes": [
                "sha256:2d91e135bf72d31a410b17c16da610a82cb55f6b0477d1a902134b24a455b8b3",
                "sha256:b6a85871a79d2e3b22d2d1b94ac2824226a63c6b741c88f7ae975f18b6778374"
            ],
            "markers": "python_version >= '3.7'",
            "version": "==2.0.0"
        },
        "jaraco.classes": {
            "hashes": [
                "sha256:2353de3288bc6b82120752201c6b1c1a14b058267fa424ed5ce5984e3b922158",
                "sha256:89559fa5c1d3c34eff6f631ad80bb21f378dbcbb35dd161fd2c6b93f5be2f98a"
            ],
            "markers": "python_version >= '3.7'",
            "version": "==3.2.3"
        },
        "keyring": {
            "hashes": [
                "sha256:4901caaf597bfd3bbd78c9a0c7c4c29fcd8310dab2cffefe749e916b6527acd6",
                "sha256:ca0746a19ec421219f4d713f848fa297a661a8a8c1504867e55bfb5e09091509"
            ],
            "markers": "python_version >= '3.8'",
            "version": "==24.2.0"
        },
        "markdown-it-py": {
            "hashes": [
                "sha256:355216845c60bd96232cd8d8c40e8f9765cc86f46880e43a8fd22dc1a1a8cab1",
                "sha256:e3f60a94fa066dc52ec76661e37c851cb232d92f9886b15cb560aaada2df8feb"
            ],
            "markers": "python_version >= '3.8'",
            "version": "==3.0.0"
        },
        "mccabe": {
            "hashes": [
                "sha256:348e0240c33b60bbdf4e523192ef919f28cb2c3d7d5c7794f74009290f236325",
                "sha256:6c2d30ab6be0e4a46919781807b4f0d834ebdd6c6e3dca0bda5a15f863427b6e"
            ],
            "markers": "python_version >= '3.6'",
            "version": "==0.7.0"
        },
        "mdurl": {
            "hashes": [
                "sha256:84008a41e51615a49fc9966191ff91509e3c40b939176e643fd50a5c2196b8f8",
                "sha256:bb413d29f5eea38f31dd4754dd7377d4465116fb207585f97bf925588687c1ba"
            ],
            "markers": "python_version >= '3.7'",
            "version": "==0.1.2"
        },
        "more-itertools": {
            "hashes": [
                "sha256:cabaa341ad0389ea83c17a94566a53ae4c9d07349861ecb14dc6d0345cf9ac5d",
                "sha256:d2bc7f02446e86a68911e58ded76d6561eea00cddfb2a91e7019bbb586c799f3"
            ],
            "markers": "python_version >= '3.7'",
            "version": "==9.1.0"
        },
        "mypy-extensions": {
            "hashes": [
                "sha256:4392f6c0eb8a5668a69e23d168ffa70f0be9ccfd32b5cc2d26a34ae5b844552d",
                "sha256:75dbf8955dc00442a438fc4d0666508a9a97b6bd41aa2f0ffe9d2f2725af0782"
            ],
            "markers": "python_version >= '3.5'",
            "version": "==1.0.0"
        },
        "packaging": {
            "hashes": [
                "sha256:994793af429502c4ea2ebf6bf664629d07c1a9fe974af92966e4b8d2df7edc61",
                "sha256:a392980d2b6cffa644431898be54b0045151319d1e7ec34f0cfed48767dd334f"
            ],
            "markers": "python_version >= '3.7'",
            "version": "==23.1"
        },
        "pathspec": {
            "hashes": [
                "sha256:2798de800fa92780e33acca925945e9a19a133b715067cf165b8866c15a31687",
                "sha256:d8af70af76652554bd134c22b3e8a1cc46ed7d91edcdd721ef1a0c51a84a5293"
            ],
            "markers": "python_version >= '3.7'",
            "version": "==0.11.1"
        },
        "pbr": {
            "hashes": [
                "sha256:567f09558bae2b3ab53cb3c1e2e33e726ff3338e7bae3db5dc954b3a44eef12b",
                "sha256:aefc51675b0b533d56bb5fd1c8c6c0522fe31896679882e1c4c63d5e4a0fccb3"
            ],
            "markers": "python_version >= '2.6'",
            "version": "==5.11.1"
        },
        "pipenv": {
            "hashes": [
                "sha256:9ac3f062d076e258ef5aefb470d3add800a7f5ab70e3ec133eef836436424feb",
                "sha256:b4cf3894c0a8621da79c4c54edc5fdb5285c8e92a8fd4c7a8d13a9771d39c7e7"
            ],
            "markers": "python_version >= '3.7'",
            "version": "==2023.6.26"
        },
        "pipenv-to-requirements": {
            "hashes": [
                "sha256:1c18682a4ec70eb07261d2b558df3ee22ea00192663a1b98fd1e45e22946c163",
                "sha256:cb70471a17a7d4658caffe989539413313d51df1b3a54838bcd7e7d3ab3fcc18"
            ],
            "index": "pypi",
            "version": "==0.9.0"
        },
        "pkginfo": {
            "hashes": [
                "sha256:4b7a555a6d5a22169fcc9cf7bfd78d296b0361adad412a346c1226849af5e546",
                "sha256:8fd5896e8718a4372f0ea9cc9d96f6417c9b986e23a4d116dda26b62cc29d046"
            ],
            "markers": "python_version >= '3.6'",
            "version": "==1.9.6"
        },
        "platformdirs": {
            "hashes": [
                "sha256:b0cabcb11063d21a0b261d557acb0a9d2126350e63b70cdf7db6347baea456dc",
                "sha256:ca9ed98ce73076ba72e092b23d3c93ea6c4e186b3f1c3dad6edd98ff6ffcca2e"
            ],
            "markers": "python_version >= '3.7'",
            "version": "==3.8.0"
        },
        "pluggy": {
            "hashes": [
                "sha256:c2fd55a7d7a3863cba1a013e4e2414658b1d07b6bc57b3919e0c63c9abb99849",
                "sha256:d12f0c4b579b15f5e054301bb226ee85eeeba08ffec228092f8defbaa3a4c4b3"
            ],
            "markers": "python_version >= '3.7'",
            "version": "==1.2.0"
        },
        "pycodestyle": {
            "hashes": [
                "sha256:347187bdb476329d98f695c213d7295a846d1152ff4fe9bacb8a9590b8ee7053",
                "sha256:8a4eaf0d0495c7395bdab3589ac2db602797d76207242c17d470186815706610"
            ],
            "markers": "python_version >= '3.6'",
            "version": "==2.10.0"
        },
        "pyflakes": {
            "hashes": [
                "sha256:ec55bf7fe21fff7f1ad2f7da62363d749e2a470500eab1b555334b67aa1ef8cf",
                "sha256:ec8b276a6b60bd80defed25add7e439881c19e64850afd9b346283d4165fd0fd"
            ],
            "markers": "python_version >= '3.6'",
            "version": "==3.0.1"
        },
        "pygments": {
            "hashes": [
                "sha256:8ace4d3c1dd481894b2005f560ead0f9f19ee64fe983366be1a21e171d12775c",
                "sha256:db2db3deb4b4179f399a09054b023b6a586b76499d36965813c71aa8ed7b5fd1"
            ],
            "markers": "python_version >= '3.7'",
            "version": "==2.15.1"
        },
        "pytest": {
            "hashes": [
                "sha256:78bf16451a2eb8c7a2ea98e32dc119fd2aa758f1d5d66dbf0a59d69a3969df32",
                "sha256:b4bf8c45bd59934ed84001ad51e11b4ee40d40a1229d2c79f9c592b0a3f6bd8a"
            ],
            "index": "pypi",
            "version": "==7.4.0"
        },
        "pytest-cov": {
            "hashes": [
                "sha256:3904b13dfbfec47f003b8e77fd5b589cd11904a21ddf1ab38a64f204d6a10ef6",
                "sha256:6ba70b9e97e69fcc3fb45bfeab2d0a138fb65c4d0d6a41ef33983ad114be8c3a"
            ],
            "index": "pypi",
            "version": "==4.1.0"
        },
        "readme-renderer": {
            "hashes": [
                "sha256:9f77b519d96d03d7d7dce44977ba543090a14397c4f60de5b6eb5b8048110aa4",
                "sha256:e18feb2a1e7706f2865b81ebb460056d93fb29d69daa10b223c00faa7bd9a00a"
            ],
            "markers": "python_version >= '3.8'",
            "version": "==40.0"
        },
        "requests": {
            "hashes": [
                "sha256:58cd2187c01e70e6e26505bca751777aa9f2ee0b7f4300988b709f44e013003f",
                "sha256:942c5a758f98d790eaed1a29cb6eefc7ffb0d1cf7af05c3d2791656dbd6ad1e1"
            ],
            "markers": "python_version >= '3.7'",
            "version": "==2.31.0"
        },
        "requests-toolbelt": {
            "hashes": [
                "sha256:7681a0a3d047012b5bdc0ee37d7f8f07ebe76ab08caeccfc3921ce23c88d5bc6",
                "sha256:cccfdd665f0a24fcf4726e690f65639d272bb0637b9b92dfd91a5568ccf6bd06"
            ],
            "markers": "python_version >= '2.7' and python_version not in '3.0, 3.1, 3.2, 3.3'",
            "version": "==1.0.0"
        },
        "rfc3986": {
            "hashes": [
                "sha256:50b1502b60e289cb37883f3dfd34532b8873c7de9f49bb546641ce9cbd256ebd",
                "sha256:97aacf9dbd4bfd829baad6e6309fa6573aaf1be3f6fa735c8ab05e46cecb261c"
            ],
            "markers": "python_version >= '3.7'",
            "version": "==2.0.0"
        },
        "rich": {
            "hashes": [
                "sha256:8f87bc7ee54675732fa66a05ebfe489e27264caeeff3728c945d25971b6485ec",
                "sha256:d653d6bccede5844304c605d5aac802c7cf9621efd700b46c7ec2b51ea914898"
            ],
            "markers": "python_full_version >= '3.7.0'",
            "version": "==13.4.2"
        },
        "setuptools": {
            "hashes": [
                "sha256:11e52c67415a381d10d6b462ced9cfb97066179f0e871399e006c4ab101fc85f",
                "sha256:baf1fdb41c6da4cd2eae722e135500da913332ab3f2f5c7d33af9b492acb5235"
            ],
            "markers": "python_version >= '3.7'",
            "version": "==68.0.0"
        },
        "six": {
            "hashes": [
                "sha256:1e61c37477a1626458e36f7b1d82aa5c9b094fa4802892072e49de9c60c4c926",
                "sha256:8abb2f1d86890a2dfb989f9a77cfcfd3e47c2a354b01111771326f8aa26e0254"
            ],
            "markers": "python_version >= '2.7' and python_version not in '3.0, 3.1, 3.2, 3.3'",
            "version": "==1.16.0"
        },
        "tomli": {
            "hashes": [
                "sha256:05b6166bff487dc068d322585c7ea4ef78deed501cc124060e0f238e89a9231f",
                "sha256:e3069e4be3ead9668e21cb9b074cd948f7b3113fd9c8bba083f48247aab8b11c"
            ],
            "markers": "python_version >= '3.6'",
            "version": "==1.2.3"
        },
        "twine": {
            "hashes": [
                "sha256:929bc3c280033347a00f847236564d1c52a3e61b1ac2516c97c48f3ceab756d8",
                "sha256:9e102ef5fdd5a20661eb88fad46338806c3bd32cf1db729603fe3697b1bc83c8"
            ],
            "index": "pypi",
            "version": "==4.0.2"
        },
        "typing-extensions": {
            "hashes": [
                "sha256:16224afa8cc2b3679dd9e9a1efe719dd2e20a03f0cc2e4cc4c97870ae9622532",
                "sha256:3c2c2cd887648efa0ea8f8ba4260a1213058e8e4a25a6a6f4e084740b2c858e2"
            ],
            "markers": "python_version >= '3.7'",
            "version": "==4.7.0rc1"
        },
        "urllib3": {
            "hashes": [
                "sha256:8d36afa7616d8ab714608411b4a3b13e58f463aee519024578e062e141dce20f",
                "sha256:8f135f6502756bde6b2a9b28989df5fbe87c9970cecaa69041edcce7f0589b14"
            ],
            "markers": "python_version >= '2.7' and python_version not in '3.0, 3.1, 3.2, 3.3, 3.4, 3.5'",
            "version": "==1.26.16"
        },
        "virtualenv": {
            "hashes": [
                "sha256:34da10f14fea9be20e0fd7f04aba9732f84e593dac291b757ce42e3368a39419",
                "sha256:8ff19a38c1021c742148edc4f81cb43d7f8c6816d2ede2ab72af5b84c749ade1"
            ],
            "markers": "python_version >= '3.7'",
            "version": "==20.23.1"
        },
        "virtualenv-clone": {
            "hashes": [
                "sha256:418ee935c36152f8f153c79824bb93eaf6f0f7984bae31d3f48f350b9183501a",
                "sha256:44d5263bceed0bac3e1424d64f798095233b64def1c5689afa43dc3223caf5b0"
            ],
            "markers": "python_version >= '2.7' and python_version not in '3.0, 3.1, 3.2, 3.3'",
            "version": "==0.5.7"
        },
        "webencodings": {
            "hashes": [
                "sha256:a0af1213f3c2226497a97e2b3aa01a7e4bee4f403f95be16fc9acd2947514a78",
                "sha256:b36a1c245f2d304965eb4e0a82848379241dc04b865afcc4aab16748587e1923"
            ],
            "version": "==0.5.1"
        },
        "wheel": {
            "hashes": [
                "sha256:cd1196f3faee2b31968d626e1731c94f99cbdb67cf5a46e4f5656cbee7738873",
                "sha256:d236b20e7cb522daf2390fa84c55eea81c5c30190f90f29ae2ca1ad8355bf247"
            ],
            "index": "pypi",
            "version": "==0.40.0"
        },
        "zipp": {
            "hashes": [
                "sha256:112929ad649da941c23de50f356a2b5570c954b65150642bccdd66bf194d224b",
                "sha256:48904fc76a60e542af151aded95726c1a5c34ed43ab4134b597665c86d7ad556"
            ],
            "markers": "python_version >= '3.7'",
            "version": "==3.15.0"
        }
    }
}
